
Microsoft Visual Studio Solution File, Format Version 12.00
# Visual Studio 15
VisualStudioVersion = 15.0.28010.2016
MinimumVisualStudioVersion = 10.0.40219.1
Project("{FAE04EC0-301F-11D3-BF4B-00C04F79EFBC}") = "Conditional statements", "Conditional statements\Conditional statements.csproj", "{C04BD279-D104-418F-8DD8-B739D006447F}"
EndProject
Global
	GlobalSection(SolutionConfigurationPlatforms) = preSolution
		Debug|Any CPU = Debug|Any CPU
		Release|Any CPU = Release|Any CPU
	EndGlobalSection
	GlobalSection(ProjectConfigurationPlatforms) = postSolution
		{C04BD279-D104-418F-8DD8-B739D006447F}.Debug|Any CPU.ActiveCfg = Debug|Any CPU
		{C04BD279-D104-418F-8DD8-B739D006447F}.Debug|Any CPU.Build.0 = Debug|Any CPU
		{C04BD279-D104-418F-8DD8-B739D006447F}.Release|Any CPU.ActiveCfg = Release|Any CPU
		{C04BD279-D104-418F-8DD8-B739D006447F}.Release|Any CPU.Build.0 = Release|Any CPU
	EndGlobalSection
	GlobalSection(SolutionProperties) = preSolution
		HideSolutionNode = FALSE
	EndGlobalSection
	GlobalSection(ExtensibilityGlobals) = postSolution
		SolutionGuid = {6AF95323-A47E-4B2A-8A4C-B20C4B52DCF8}
	EndGlobalSection
EndGlobal
